
Microsoft Visual Studio Solution File, Format Version 12.00
# Visual Studio Version 16
VisualStudioVersion = 16.0.31729.503
MinimumVisualStudioVersion = 10.0.40219.1
Project("{2150E333-8FDC-42A3-9474-1A3956D46DE8}") = "SOO.Data", "SOO.Data", "{DB27FB8C-D241-4D57-B982-99D5A3A3E751}"
EndProject
Project("{FAE04EC0-301F-11D3-BF4B-00C04F79EFBC}") = "Data", "SOO.Data\Data\Data.csproj", "{8D1028FF-7E9E-4586-80F5-E63960B58B2E}"
EndProject
Project("{FAE04EC0-301F-11D3-BF4B-00C04F79EFBC}") = "DataModels", "SOO.Data\DataModels\DataModels.csproj", "{D4605020-F876-4B7D-A88E-05FA2BFAACE0}"
EndProject
Global
	GlobalSection(SolutionConfigurationPlatforms) = preSolution
		Debug|Any CPU = Debug|Any CPU
		Release|Any CPU = Release|Any CPU
	EndGlobalSection
	GlobalSection(ProjectConfigurationPlatforms) = postSolution
		{8D1028FF-7E9E-4586-80F5-E63960B58B2E}.Debug|Any CPU.ActiveCfg = Debug|Any CPU
		{8D1028FF-7E9E-4586-80F5-E63960B58B2E}.Debug|Any CPU.Build.0 = Debug|Any CPU
		{8D1028FF-7E9E-4586-80F5-E63960B58B2E}.Release|Any CPU.ActiveCfg = Release|Any CPU
		{8D1028FF-7E9E-4586-80F5-E63960B58B2E}.Release|Any CPU.Build.0 = Release|Any CPU
		{D4605020-F876-4B7D-A88E-05FA2BFAACE0}.Debug|Any CPU.ActiveCfg = Debug|Any CPU
		{D4605020-F876-4B7D-A88E-05FA2BFAACE0}.Debug|Any CPU.Build.0 = Debug|Any CPU
		{D4605020-F876-4B7D-A88E-05FA2BFAACE0}.Release|Any CPU.ActiveCfg = Release|Any CPU
		{D4605020-F876-4B7D-A88E-05FA2BFAACE0}.Release|Any CPU.Build.0 = Release|Any CPU
	EndGlobalSection
	GlobalSection(SolutionProperties) = preSolution
		HideSolutionNode = FALSE
	EndGlobalSection
	GlobalSection(NestedProjects) = preSolution
		{8D1028FF-7E9E-4586-80F5-E63960B58B2E} = {DB27FB8C-D241-4D57-B982-99D5A3A3E751}
		{D4605020-F876-4B7D-A88E-05FA2BFAACE0} = {DB27FB8C-D241-4D57-B982-99D5A3A3E751}
	EndGlobalSection
	GlobalSection(ExtensibilityGlobals) = postSolution
		SolutionGuid = {10C3E71E-14E5-4F50-886A-1AFF30E84753}
	EndGlobalSection
EndGlobal
